
Microsoft Visual Studio Solution File, Format Version 12.00
# Visual Studio Version 17
VisualStudioVersion = 17.3.32929.385
MinimumVisualStudioVersion = 10.0.40219.1
Project("{FAE04EC0-301F-11D3-BF4B-00C04F79EFBC}") = "AB-test-app", "AB-test-app.csproj", "{905759BD-4E62-4615-B47F-4D9B46B493BF}"
EndProject
Global
	GlobalSection(SolutionConfigurationPlatforms) = preSolution
		Debug|Any CPU = Debug|Any CPU
		Release|Any CPU = Release|Any CPU
	EndGlobalSection
	GlobalSection(ProjectConfigurationPlatforms) = postSolution
		{905759BD-4E62-4615-B47F-4D9B46B493BF}.Debug|Any CPU.ActiveCfg = Debug|Any CPU
		{905759BD-4E62-4615-B47F-4D9B46B493BF}.Debug|Any CPU.Build.0 = Debug|Any CPU
		{905759BD-4E62-4615-B47F-4D9B46B493BF}.Release|Any CPU.ActiveCfg = Release|Any CPU
		{905759BD-4E62-4615-B47F-4D9B46B493BF}.Release|Any CPU.Build.0 = Release|Any CPU
	EndGlobalSection
	GlobalSection(SolutionProperties) = preSolution
		HideSolutionNode = FALSE
	EndGlobalSection
	GlobalSection(ExtensibilityGlobals) = postSolution
		SolutionGuid = {EC94ED0B-E879-4089-8493-21C511696E42}
	EndGlobalSection
EndGlobal
